github.com/snakehunterr/hacs_dbapi_types v0.0.0-20250312153645-32557feb131f h1:Jat+p7t179KO4ERg8tVrU+ZCODLrEOmROJqLSYbTCJA=
github.com/snakehunterr/hacs_dbapi_types v0.0.0-20250312153645-32557feb131f/go.mod h1:rboDxDiSVl8BU2/GJCemBYLVL8ScuUIHhpFod5uMq2Y=
github.com/snakehunterr/hacs_dbapi_types v0.0.0-20250312182921-cfb346291f51 h1:vtidhQtWDfx+ooej8qQsQUk6/IGU5fVPTyQBjq64Usk=
github.com/snakehunterr/hacs_dbapi_types v0.0.0-20250312182921-cfb346291f51/go.mod h1:rboDxDiSVl8BU2/GJCemBYLVL8ScuUIHhpFod5uMq2Y=
